
Microsoft Visual Studio Solution File, Format Version 12.00
# Visual Studio Version 17
VisualStudioVersion = 17.1.32328.378
MinimumVisualStudioVersion = 10.0.40219.1
Project("{FAE04EC0-301F-11D3-BF4B-00C04F79EFBC}") = "ConsoleApp5", "ConsoleApp5.csproj", "{930C5CB7-FACC-429E-8253-5B82330B6A4C}"
EndProject
Global
	GlobalSection(SolutionConfigurationPlatforms) = preSolution
		Debug|Any CPU = Debug|Any CPU
		Release|Any CPU = Release|Any CPU
	EndGlobalSection
	GlobalSection(ProjectConfigurationPlatforms) = postSolution
		{930C5CB7-FACC-429E-8253-5B82330B6A4C}.Debug|Any CPU.ActiveCfg = Debug|Any CPU
		{930C5CB7-FACC-429E-8253-5B82330B6A4C}.Debug|Any CPU.Build.0 = Debug|Any CPU
		{930C5CB7-FACC-429E-8253-5B82330B6A4C}.Release|Any CPU.ActiveCfg = Release|Any CPU
		{930C5CB7-FACC-429E-8253-5B82330B6A4C}.Release|Any CPU.Build.0 = Release|Any CPU
	EndGlobalSection
	GlobalSection(SolutionProperties) = preSolution
		HideSolutionNode = FALSE
	EndGlobalSection
	GlobalSection(ExtensibilityGlobals) = postSolution
		SolutionGuid = {ABE59C28-EB30-4EBF-9E55-F33C90378F3F}
	EndGlobalSection
EndGlobal
